
Microsoft Visual Studio Solution File, Format Version 12.00
# Visual Studio Version 16
VisualStudioVersion = 16.0.32002.261
MinimumVisualStudioVersion = 10.0.40219.1
Project("{FAE04EC0-301F-11D3-BF4B-00C04F79EFBC}") = "Infrastructure", "Infrastructure\Infrastructure.csproj", "{A6AF917B-ED4E-4525-81AE-3D1CFE96E2CF}"
EndProject
Project("{FAE04EC0-301F-11D3-BF4B-00C04F79EFBC}") = "Infrastructure.Tests", "Infrastructure.Tests\Infrastructure.Tests.csproj", "{43769D3B-F1E5-468D-9E1B-11C435C1BB13}"
EndProject
Project("{FAE04EC0-301F-11D3-BF4B-00C04F79EFBC}") = "Infrastructure.TestsWithMoq", "Infrastructure.TestsWithMoq\Infrastructure.TestsWithMoq.csproj", "{B9278DD1-03F0-45AF-B698-7F4B1430CE1B}"
EndProject
Global
	GlobalSection(SolutionConfigurationPlatforms) = preSolution
		Debug|Any CPU = Debug|Any CPU
		Release|Any CPU = Release|Any CPU
	EndGlobalSection
	GlobalSection(ProjectConfigurationPlatforms) = postSolution
		{A6AF917B-ED4E-4525-81AE-3D1CFE96E2CF}.Debug|Any CPU.ActiveCfg = Debug|Any CPU
		{A6AF917B-ED4E-4525-81AE-3D1CFE96E2CF}.Debug|Any CPU.Build.0 = Debug|Any CPU
		{A6AF917B-ED4E-4525-81AE-3D1CFE96E2CF}.Release|Any CPU.ActiveCfg = Release|Any CPU
		{A6AF917B-ED4E-4525-81AE-3D1CFE96E2CF}.Release|Any CPU.Build.0 = Release|Any CPU
		{43769D3B-F1E5-468D-9E1B-11C435C1BB13}.Debug|Any CPU.ActiveCfg = Debug|Any CPU
		{43769D3B-F1E5-468D-9E1B-11C435C1BB13}.Debug|Any CPU.Build.0 = Debug|Any CPU
		{43769D3B-F1E5-468D-9E1B-11C435C1BB13}.Release|Any CPU.ActiveCfg = Release|Any CPU
		{43769D3B-F1E5-468D-9E1B-11C435C1BB13}.Release|Any CPU.Build.0 = Release|Any CPU
		{B9278DD1-03F0-45AF-B698-7F4B1430CE1B}.Debug|Any CPU.ActiveCfg = Debug|Any CPU
		{B9278DD1-03F0-45AF-B698-7F4B1430CE1B}.Debug|Any CPU.Build.0 = Debug|Any CPU
		{B9278DD1-03F0-45AF-B698-7F4B1430CE1B}.Release|Any CPU.ActiveCfg = Release|Any CPU
		{B9278DD1-03F0-45AF-B698-7F4B1430CE1B}.Release|Any CPU.Build.0 = Release|Any CPU
	EndGlobalSection
	GlobalSection(SolutionProperties) = preSolution
		HideSolutionNode = FALSE
	EndGlobalSection
	GlobalSection(ExtensibilityGlobals) = postSolution
		SolutionGuid = {A10AFE04-464A-4926-910D-4C45A0817C36}
	EndGlobalSection
EndGlobal
